
Microsoft Visual Studio Solution File, Format Version 12.00
# Visual Studio 2012
Project("{2150E333-8FDC-42A3-9474-1A3956D46DE8}") = "SC", "SC", "{8E432A35-43A4-4BFB-84DB-952A1D5632C4}"
EndProject
Project("{FAE04EC0-301F-11D3-BF4B-00C04F79EFBC}") = "QCP.Storage", "QCP.Storage\QCP.Storage.csproj", "{EC11D997-A7A8-4B2E-A37B-31E1C2A60245}"
EndProject
Project("{FAE04EC0-301F-11D3-BF4B-00C04F79EFBC}") = "QCP.Message", "QCP.Message\QCP.Message.csproj", "{84F1B27C-CEE4-4D4F-9792-3C4A9DF8F621}"
EndProject
Project("{FAE04EC0-301F-11D3-BF4B-00C04F79EFBC}") = "QCP.Data", "QCP.Data\QCP.Data.csproj", "{E111C038-D71F-4FA2-A634-ED92B6200681}"
EndProject
Project("{2150E333-8FDC-42A3-9474-1A3956D46DE8}") = "Tools", "Tools", "{59EFA3D6-114A-4488-9CB9-7ADFED59061B}"
EndProject
Project("{FAE04EC0-301F-11D3-BF4B-00C04F79EFBC}") = "QCP.Tool", "QCP.Tool\QCP.Tool.csproj", "{5D5DB94D-CAEE-4F56-97CD-194B435EABD6}"
EndProject
Project("{FAE04EC0-301F-11D3-BF4B-00C04F79EFBC}") = "QCP.MQ", "QCP.MQ\QCP.MQ.csproj", "{D44A39C7-08F2-4466-AE38-0931DE8A1064}"
EndProject
Project("{2150E333-8FDC-42A3-9474-1A3956D46DE8}") = "CAD", "CAD", "{66747C95-A581-4D4F-A6BA-E3828D264AD3}"
EndProject
Project("{FAE04EC0-301F-11D3-BF4B-00C04F79EFBC}") = "QCP.CAD", "QCP.CAD\QCP.CAD.csproj", "{784CF70B-551E-42C1-8BD2-EE1267701339}"
EndProject
Project("{2150E333-8FDC-42A3-9474-1A3956D46DE8}") = "APP", "APP", "{23BD90E4-9C20-480F-9250-949BC37FDA41}"
EndProject
Project("{FAE04EC0-301F-11D3-BF4B-00C04F79EFBC}") = "QCP.Server", "QCP.Server\QCP.Server.csproj", "{79EEE50D-F728-4963-92FA-25D1C5E69F8F}"
EndProject
Project("{FAE04EC0-301F-11D3-BF4B-00C04F79EFBC}") = "QCP.Center", "QCP.Center\QCP.Center.csproj", "{D0B23FC5-6DF3-4BC5-BD85-263E9E57729F}"
EndProject
Project("{FAE04EC0-301F-11D3-BF4B-00C04F79EFBC}") = "QCP.Workflow", "QCP.Workflow\QCP.Workflow.csproj", "{1ED05EF0-1179-41D1-8B29-901BFEC2B482}"
EndProject
Project("{FAE04EC0-301F-11D3-BF4B-00C04F79EFBC}") = "QCP.IM", "QCP.IM\QCP.IM.csproj", "{7678ACFB-32F6-4C23-B27C-31362A91BB06}"
EndProject
Project("{FAE04EC0-301F-11D3-BF4B-00C04F79EFBC}") = "QCP.Authorize", "QCP.Authorize\QCP.Authorize.csproj", "{DA9642A6-4355-4029-8D71-B2AFAEF181A5}"
EndProject
Project("{FAE04EC0-301F-11D3-BF4B-00C04F79EFBC}") = "QCP.Security", "QCP.Security\QCP.Security.csproj", "{2C9F7867-2831-4F63-90D4-0F5AA3606CB9}"
EndProject
Project("{FAE04EC0-301F-11D3-BF4B-00C04F79EFBC}") = "QCP.Print", "QCP.Print\QCP.Print.csproj", "{6C12C4E6-5AAD-4849-843F-86B667610860}"
EndProject
Project("{FAE04EC0-301F-11D3-BF4B-00C04F79EFBC}") = "QCP.Output", "QCP.Output\QCP.Output.csproj", "{AE68014A-289C-45DE-A540-052334A9E80F}"
EndProject
Project("{FAE04EC0-301F-11D3-BF4B-00C04F79EFBC}") = "QCP.Recover", "QCP.Recover\QCP.Recover.csproj", "{81414D4A-C9BC-4198-8F2A-F7EF9ED05717}"
EndProject
Project("{2150E333-8FDC-42A3-9474-1A3956D46DE8}") = "Web", "Web", "{F6DB4920-3BD2-43A2-AB87-5D069391001A}"
EndProject
Project("{FAE04EC0-301F-11D3-BF4B-00C04F79EFBC}") = "QCP.Manager", "QCP.Manager\QCP.Manager.csproj", "{ABABB717-2142-4E63-A288-F5D441FA9D28}"
EndProject
Project("{2150E333-8FDC-42A3-9474-1A3956D46DE8}") = "Test", "Test", "{B8E6DFBB-75C6-4080-98A4-272089B5ED16}"
EndProject
Project("{FAE04EC0-301F-11D3-BF4B-00C04F79EFBC}") = "QCP.Test", "QCP.Test\QCP.Test.csproj", "{32105FE5-19C3-4843-8BB1-4BC5FA2E3F04}"
EndProject
Project("{FAE04EC0-301F-11D3-BF4B-00C04F79EFBC}") = "QCP.WebTest", "QCP.WebTest\QCP.WebTest.csproj", "{C2BB5FF9-2B5B-4533-894C-8248FCBEBE4A}"
EndProject
Project("{2150E333-8FDC-42A3-9474-1A3956D46DE8}") = "Solution Items", "Solution Items", "{1D16861B-536B-4E55-81DA-4F5D25020315}"
	ProjectSection(SolutionItems) = preProject
		Local.testsettings = Local.testsettings
	EndProjectSection
EndProject
Project("{FAE04EC0-301F-11D3-BF4B-00C04F79EFBC}") = "QCP.UITest", "QCP.UITest\QCP.UITest.csproj", "{5CEFD042-9CAF-4825-B2CC-F5A37871A2BE}"
EndProject
Project("{FAE04EC0-301F-11D3-BF4B-00C04F79EFBC}") = "QCP.Mail", "QCP.Mail\QCP.Mail.csproj", "{E4E85560-C5DB-4711-A7EC-8FA07FF04FAF}"
EndProject
Global
	GlobalSection(SolutionConfigurationPlatforms) = preSolution
		Debug|Any CPU = Debug|Any CPU
		Release|Any CPU = Release|Any CPU
	EndGlobalSection
	GlobalSection(ProjectConfigurationPlatforms) = postSolution
		{EC11D997-A7A8-4B2E-A37B-31E1C2A60245}.Debug|Any CPU.ActiveCfg = Debug|Any CPU
		{EC11D997-A7A8-4B2E-A37B-31E1C2A60245}.Debug|Any CPU.Build.0 = Debug|Any CPU
		{EC11D997-A7A8-4B2E-A37B-31E1C2A60245}.Release|Any CPU.ActiveCfg = Release|Any CPU
		{EC11D997-A7A8-4B2E-A37B-31E1C2A60245}.Release|Any CPU.Build.0 = Release|Any CPU
		{84F1B27C-CEE4-4D4F-9792-3C4A9DF8F621}.Debug|Any CPU.ActiveCfg = Debug|Any CPU
		{84F1B27C-CEE4-4D4F-9792-3C4A9DF8F621}.Debug|Any CPU.Build.0 = Debug|Any CPU
		{84F1B27C-CEE4-4D4F-9792-3C4A9DF8F621}.Release|Any CPU.ActiveCfg = Release|Any CPU
		{84F1B27C-CEE4-4D4F-9792-3C4A9DF8F621}.Release|Any CPU.Build.0 = Release|Any CPU
		{E111C038-D71F-4FA2-A634-ED92B6200681}.Debug|Any CPU.ActiveCfg = Debug|Any CPU
		{E111C038-D71F-4FA2-A634-ED92B6200681}.Debug|Any CPU.Build.0 = Debug|Any CPU
		{E111C038-D71F-4FA2-A634-ED92B6200681}.Release|Any CPU.ActiveCfg = Release|Any CPU
		{E111C038-D71F-4FA2-A634-ED92B6200681}.Release|Any CPU.Build.0 = Release|Any CPU
		{5D5DB94D-CAEE-4F56-97CD-194B435EABD6}.Debug|Any CPU.ActiveCfg = Debug|Any CPU
		{5D5DB94D-CAEE-4F56-97CD-194B435EABD6}.Debug|Any CPU.Build.0 = Debug|Any CPU
		{5D5DB94D-CAEE-4F56-97CD-194B435EABD6}.Release|Any CPU.ActiveCfg = Release|Any CPU
		{5D5DB94D-CAEE-4F56-97CD-194B435EABD6}.Release|Any CPU.Build.0 = Release|Any CPU
		{D44A39C7-08F2-4466-AE38-0931DE8A1064}.Debug|Any CPU.ActiveCfg = Debug|Any CPU
		{D44A39C7-08F2-4466-AE38-0931DE8A1064}.Debug|Any CPU.Build.0 = Debug|Any CPU
		{D44A39C7-08F2-4466-AE38-0931DE8A1064}.Release|Any CPU.ActiveCfg = Release|Any CPU
		{D44A39C7-08F2-4466-AE38-0931DE8A1064}.Release|Any CPU.Build.0 = Release|Any CPU
		{784CF70B-551E-42C1-8BD2-EE1267701339}.Debug|Any CPU.ActiveCfg = Debug|Any CPU
		{784CF70B-551E-42C1-8BD2-EE1267701339}.Debug|Any CPU.Build.0 = Debug|Any CPU
		{784CF70B-551E-42C1-8BD2-EE1267701339}.Release|Any CPU.ActiveCfg = Release|Any CPU
		{784CF70B-551E-42C1-8BD2-EE1267701339}.Release|Any CPU.Build.0 = Release|Any CPU
		{79EEE50D-F728-4963-92FA-25D1C5E69F8F}.Debug|Any CPU.ActiveCfg = Debug|Any CPU
		{79EEE50D-F728-4963-92FA-25D1C5E69F8F}.Debug|Any CPU.Build.0 = Debug|Any CPU
		{79EEE50D-F728-4963-92FA-25D1C5E69F8F}.Release|Any CPU.ActiveCfg = Release|Any CPU
		{79EEE50D-F728-4963-92FA-25D1C5E69F8F}.Release|Any CPU.Build.0 = Release|Any CPU
		{D0B23FC5-6DF3-4BC5-BD85-263E9E57729F}.Debug|Any CPU.ActiveCfg = Debug|Any CPU
		{D0B23FC5-6DF3-4BC5-BD85-263E9E57729F}.Debug|Any CPU.Build.0 = Debug|Any CPU
		{D0B23FC5-6DF3-4BC5-BD85-263E9E57729F}.Release|Any CPU.ActiveCfg = Release|Any CPU
		{D0B23FC5-6DF3-4BC5-BD85-263E9E57729F}.Release|Any CPU.Build.0 = Release|Any CPU
		{1ED05EF0-1179-41D1-8B29-901BFEC2B482}.Debug|Any CPU.ActiveCfg = Debug|Any CPU
		{1ED05EF0-1179-41D1-8B29-901BFEC2B482}.Debug|Any CPU.Build.0 = Debug|Any CPU
		{1ED05EF0-1179-41D1-8B29-901BFEC2B482}.Release|Any CPU.ActiveCfg = Release|Any CPU
		{1ED05EF0-1179-41D1-8B29-901BFEC2B482}.Release|Any CPU.Build.0 = Release|Any CPU
		{7678ACFB-32F6-4C23-B27C-31362A91BB06}.Debug|Any CPU.ActiveCfg = Debug|Any CPU
		{7678ACFB-32F6-4C23-B27C-31362A91BB06}.Debug|Any CPU.Build.0 = Debug|Any CPU
		{7678ACFB-32F6-4C23-B27C-31362A91BB06}.Release|Any CPU.ActiveCfg = Release|Any CPU
		{7678ACFB-32F6-4C23-B27C-31362A91BB06}.Release|Any CPU.Build.0 = Release|Any CPU
		{DA9642A6-4355-4029-8D71-B2AFAEF181A5}.Debug|Any CPU.ActiveCfg = Debug|Any CPU
		{DA9642A6-4355-4029-8D71-B2AFAEF181A5}.Debug|Any CPU.Build.0 = Debug|Any CPU
		{DA9642A6-4355-4029-8D71-B2AFAEF181A5}.Release|Any CPU.ActiveCfg = Release|Any CPU
		{DA9642A6-4355-4029-8D71-B2AFAEF181A5}.Release|Any CPU.Build.0 = Release|Any CPU
		{2C9F7867-2831-4F63-90D4-0F5AA3606CB9}.Debug|Any CPU.ActiveCfg = Debug|Any CPU
		{2C9F7867-2831-4F63-90D4-0F5AA3606CB9}.Debug|Any CPU.Build.0 = Debug|Any CPU
		{2C9F7867-2831-4F63-90D4-0F5AA3606CB9}.Release|Any CPU.ActiveCfg = Release|Any CPU
		{2C9F7867-2831-4F63-90D4-0F5AA3606CB9}.Release|Any CPU.Build.0 = Release|Any CPU
		{6C12C4E6-5AAD-4849-843F-86B667610860}.Debug|Any CPU.ActiveCfg = Debug|Any CPU
		{6C12C4E6-5AAD-4849-843F-86B667610860}.Debug|Any CPU.Build.0 = Debug|Any CPU
		{6C12C4E6-5AAD-4849-843F-86B667610860}.Release|Any CPU.ActiveCfg = Release|Any CPU
		{6C12C4E6-5AAD-4849-843F-86B667610860}.Release|Any CPU.Build.0 = Release|Any CPU
		{AE68014A-289C-45DE-A540-052334A9E80F}.Debug|Any CPU.ActiveCfg = Debug|Any CPU
		{AE68014A-289C-45DE-A540-052334A9E80F}.Debug|Any CPU.Build.0 = Debug|Any CPU
		{AE68014A-289C-45DE-A540-052334A9E80F}.Release|Any CPU.ActiveCfg = Release|Any CPU
		{AE68014A-289C-45DE-A540-052334A9E80F}.Release|Any CPU.Build.0 = Release|Any CPU
		{81414D4A-C9BC-4198-8F2A-F7EF9ED05717}.Debug|Any CPU.ActiveCfg = Debug|Any CPU
		{81414D4A-C9BC-4198-8F2A-F7EF9ED05717}.Debug|Any CPU.Build.0 = Debug|Any CPU
		{81414D4A-C9BC-4198-8F2A-F7EF9ED05717}.Release|Any CPU.ActiveCfg = Release|Any CPU
		{81414D4A-C9BC-4198-8F2A-F7EF9ED05717}.Release|Any CPU.Build.0 = Release|Any CPU
		{ABABB717-2142-4E63-A288-F5D441FA9D28}.Debug|Any CPU.ActiveCfg = Debug|Any CPU
		{ABABB717-2142-4E63-A288-F5D441FA9D28}.Debug|Any CPU.Build.0 = Debug|Any CPU
		{ABABB717-2142-4E63-A288-F5D441FA9D28}.Release|Any CPU.ActiveCfg = Release|Any CPU
		{ABABB717-2142-4E63-A288-F5D441FA9D28}.Release|Any CPU.Build.0 = Release|Any CPU
		{32105FE5-19C3-4843-8BB1-4BC5FA2E3F04}.Debug|Any CPU.ActiveCfg = Debug|Any CPU
		{32105FE5-19C3-4843-8BB1-4BC5FA2E3F04}.Debug|Any CPU.Build.0 = Debug|Any CPU
		{32105FE5-19C3-4843-8BB1-4BC5FA2E3F04}.Release|Any CPU.ActiveCfg = Release|Any CPU
		{32105FE5-19C3-4843-8BB1-4BC5FA2E3F04}.Release|Any CPU.Build.0 = Release|Any CPU
		{C2BB5FF9-2B5B-4533-894C-8248FCBEBE4A}.Debug|Any CPU.ActiveCfg = Debug|Any CPU
		{C2BB5FF9-2B5B-4533-894C-8248FCBEBE4A}.Debug|Any CPU.Build.0 = Debug|Any CPU
		{C2BB5FF9-2B5B-4533-894C-8248FCBEBE4A}.Release|Any CPU.ActiveCfg = Release|Any CPU
		{C2BB5FF9-2B5B-4533-894C-8248FCBEBE4A}.Release|Any CPU.Build.0 = Release|Any CPU
		{5CEFD042-9CAF-4825-B2CC-F5A37871A2BE}.Debug|Any CPU.ActiveCfg = Debug|Any CPU
		{5CEFD042-9CAF-4825-B2CC-F5A37871A2BE}.Debug|Any CPU.Build.0 = Debug|Any CPU
		{5CEFD042-9CAF-4825-B2CC-F5A37871A2BE}.Release|Any CPU.ActiveCfg = Release|Any CPU
		{5CEFD042-9CAF-4825-B2CC-F5A37871A2BE}.Release|Any CPU.Build.0 = Release|Any CPU
		{E4E85560-C5DB-4711-A7EC-8FA07FF04FAF}.Debug|Any CPU.ActiveCfg = Debug|Any CPU
		{E4E85560-C5DB-4711-A7EC-8FA07FF04FAF}.Debug|Any CPU.Build.0 = Debug|Any CPU
		{E4E85560-C5DB-4711-A7EC-8FA07FF04FAF}.Release|Any CPU.ActiveCfg = Release|Any CPU
		{E4E85560-C5DB-4711-A7EC-8FA07FF04FAF}.Release|Any CPU.Build.0 = Release|Any CPU
	EndGlobalSection
	GlobalSection(SolutionProperties) = preSolution
		HideSolutionNode = FALSE
	EndGlobalSection
	GlobalSection(NestedProjects) = preSolution
		{EC11D997-A7A8-4B2E-A37B-31E1C2A60245} = {8E432A35-43A4-4BFB-84DB-952A1D5632C4}
		{84F1B27C-CEE4-4D4F-9792-3C4A9DF8F621} = {8E432A35-43A4-4BFB-84DB-952A1D5632C4}
		{E111C038-D71F-4FA2-A634-ED92B6200681} = {8E432A35-43A4-4BFB-84DB-952A1D5632C4}
		{D44A39C7-08F2-4466-AE38-0931DE8A1064} = {8E432A35-43A4-4BFB-84DB-952A1D5632C4}
		{1ED05EF0-1179-41D1-8B29-901BFEC2B482} = {8E432A35-43A4-4BFB-84DB-952A1D5632C4}
		{7678ACFB-32F6-4C23-B27C-31362A91BB06} = {8E432A35-43A4-4BFB-84DB-952A1D5632C4}
		{DA9642A6-4355-4029-8D71-B2AFAEF181A5} = {8E432A35-43A4-4BFB-84DB-952A1D5632C4}
		{2C9F7867-2831-4F63-90D4-0F5AA3606CB9} = {8E432A35-43A4-4BFB-84DB-952A1D5632C4}
		{6C12C4E6-5AAD-4849-843F-86B667610860} = {8E432A35-43A4-4BFB-84DB-952A1D5632C4}
		{AE68014A-289C-45DE-A540-052334A9E80F} = {8E432A35-43A4-4BFB-84DB-952A1D5632C4}
		{E4E85560-C5DB-4711-A7EC-8FA07FF04FAF} = {8E432A35-43A4-4BFB-84DB-952A1D5632C4}
		{5D5DB94D-CAEE-4F56-97CD-194B435EABD6} = {59EFA3D6-114A-4488-9CB9-7ADFED59061B}
		{81414D4A-C9BC-4198-8F2A-F7EF9ED05717} = {59EFA3D6-114A-4488-9CB9-7ADFED59061B}
		{784CF70B-551E-42C1-8BD2-EE1267701339} = {66747C95-A581-4D4F-A6BA-E3828D264AD3}
		{79EEE50D-F728-4963-92FA-25D1C5E69F8F} = {23BD90E4-9C20-480F-9250-949BC37FDA41}
		{D0B23FC5-6DF3-4BC5-BD85-263E9E57729F} = {23BD90E4-9C20-480F-9250-949BC37FDA41}
		{ABABB717-2142-4E63-A288-F5D441FA9D28} = {F6DB4920-3BD2-43A2-AB87-5D069391001A}
		{32105FE5-19C3-4843-8BB1-4BC5FA2E3F04} = {B8E6DFBB-75C6-4080-98A4-272089B5ED16}
		{C2BB5FF9-2B5B-4533-894C-8248FCBEBE4A} = {B8E6DFBB-75C6-4080-98A4-272089B5ED16}
		{1D16861B-536B-4E55-81DA-4F5D25020315} = {B8E6DFBB-75C6-4080-98A4-272089B5ED16}
		{5CEFD042-9CAF-4825-B2CC-F5A37871A2BE} = {B8E6DFBB-75C6-4080-98A4-272089B5ED16}
	EndGlobalSection
EndGlobal
